// !$*UTF8*$!
{
	archiveVersion = 1;
	classes = {
	};
	objectVersion = 46;
	objects = {

/* Begin PBXBuildFile section */
		32AB5A491D3F46B400FA525A /* AppDelegate.swift in Sources */ = {isa = PBXBuildFile; fileRef = 32AB5A481D3F46B400FA525A /* AppDelegate.swift */; };
		32AB5A4B1D3F46B400FA525A /* ViewController.swift in Sources */ = {isa = PBXBuildFile; fileRef = 32AB5A4A1D3F46B400FA525A /* ViewController.swift */; };
		32AB5A4D1D3F46B400FA525A /* Assets.xcassets in Resources */ = {isa = PBXBuildFile; fileRef = 32AB5A4C1D3F46B400FA525A /* Assets.xcassets */; };
		32AB5A501D3F46B400FA525A /* Main.storyboard in Resources */ = {isa = PBXBuildFile; fileRef = 32AB5A4E1D3F46B400FA525A /* Main.storyboard */; };
		32AB5A5B1D3F46B400FA525A /* rruledemoTests.swift in Sources */ = {isa = PBXBuildFile; fileRef = 32AB5A5A1D3F46B400FA525A /* rruledemoTests.swift */; };
		32AB5A671D3F7DCA00FA525A /* SwiftDate.framework in Frameworks */ = {isa = PBXBuildFile; fileRef = 32AB5A651D3F7DBE00FA525A /* SwiftDate.framework */; };
		32AB5A681D3F7DCA00FA525A /* SwiftDate.framework in Embed Frameworks */ = {isa = PBXBuildFile; fileRef = 32AB5A651D3F7DBE00FA525A /* SwiftDate.framework */; settings = {ATTRIBUTES = (CodeSignOnCopy, RemoveHeadersOnCopy, ); }; };
		32AB5A6B1D3F7F4900FA525A /* rrule.swift in Sources */ = {isa = PBXBuildFile; fileRef = 32AB5A6A1D3F7F4900FA525A /* rrule.swift */; };
/* End PBXBuildFile section */

/* Begin PBXContainerItemProxy section */
		32AB5A571D3F46B400FA525A /* PBXContainerItemProxy */ = {
			isa = PBXContainerItemProxy;
			containerPortal = 32AB5A3D1D3F46B400FA525A /* Project object */;
			proxyType = 1;
			remoteGlobalIDString = 32AB5A441D3F46B400FA525A;
			remoteInfo = rruledemo;
		};
/* End PBXContainerItemProxy section */

/* Begin PBXCopyFilesBuildPhase section */
		32AB5A691D3F7DCA00FA525A /* Embed Frameworks */ = {
			isa = PBXCopyFilesBuildPhase;
			buildActionMask = 2147483647;
			dstPath = "";
			dstSubfolderSpec = 10;
			files = (
				32AB5A681D3F7DCA00FA525A /* SwiftDate.framework in Embed Frameworks */,
			);
			name = "Embed Frameworks";
			runOnlyForDeploymentPostprocessing = 0;
		};
/* End PBXCopyFilesBuildPhase section */

/* Begin PBXFileReference section */
		32AB5A451D3F46B400FA525A /* rruledemo.app */ = {isa = PBXFileReference; explicitFileType = wrapper.application; includeInIndex = 0; path = rruledemo.app; sourceTree = BUILT_PRODUCTS_DIR; };
		32AB5A481D3F46B400FA525A /* AppDelegate.swift */ = {isa = PBXFileReference; lastKnownFileType = sourcecode.swift; path = AppDelegate.swift; sourceTree = "<group>"; };
		32AB5A4A1D3F46B400FA525A /* ViewController.swift */ = {isa = PBXFileReference; lastKnownFileType = sourcecode.swift; path = ViewController.swift; sourceTree = "<group>"; };
		32AB5A4C1D3F46B400FA525A /* Assets.xcassets */ = {isa = PBXFileReference; lastKnownFileType = folder.assetcatalog; path = Assets.xcassets; sourceTree = "<group>"; };
		32AB5A4F1D3F46B400FA525A /* Base */ = {isa = PBXFileReference; lastKnownFileType = file.storyboard; name = Base; path = Base.lproj/Main.storyboard; sourceTree = "<group>"; };
		32AB5A511D3F46B400FA525A /* Info.plist */ = {isa = PBXFileReference; lastKnownFileType = text.plist.xml; path = Info.plist; sourceTree = "<group>"; };
		32AB5A561D3F46B400FA525A /* rruledemoTests.xctest */ = {isa = PBXFileReference; explicitFileType = wrapper.cfbundle; includeInIndex = 0; path = rruledemoTests.xctest; sourceTree = BUILT_PRODUCTS_DIR; };
		32AB5A5A1D3F46B400FA525A /* rruledemoTests.swift */ = {isa = PBXFileReference; lastKnownFileType = sourcecode.swift; path = rruledemoTests.swift; sourceTree = "<group>"; };
		32AB5A5C1D3F46B400FA525A /* Info.plist */ = {isa = PBXFileReference; lastKnownFileType = text.plist.xml; path = Info.plist; sourceTree = "<group>"; };
		32AB5A651D3F7DBE00FA525A /* SwiftDate.framework */ = {isa = PBXFileReference; lastKnownFileType = wrapper.framework; name = SwiftDate.framework; path = Carthage/Build/Mac/SwiftDate.framework; sourceTree = "<group>"; };
		32AB5A6A1D3F7F4900FA525A /* rrule.swift */ = {isa = PBXFileReference; fileEncoding = 4; lastKnownFileType = sourcecode.swift; name = rrule.swift; path = ../../rrule.swift; sourceTree = "<group>"; };
/* End PBXFileReference section */

/* Begin PBXFrameworksBuildPhase section */
		32AB5A421D3F46B400FA525A /* Frameworks */ = {
			isa = PBXFrameworksBuildPhase;
			buildActionMask = 2147483647;
			files = (
				32AB5A671D3F7DCA00FA525A /* SwiftDate.framework in Frameworks */,
			);
			runOnlyForDeploymentPostprocessing = 0;
		};
		32AB5A531D3F46B400FA525A /* Frameworks */ = {
			isa = PBXFrameworksBuildPhase;
			buildActionMask = 2147483647;
			files = (
			);
			runOnlyForDeploymentPostprocessing = 0;
		};
/* End PBXFrameworksBuildPhase section */

/* Begin PBXGroup section */
		32AB5A3C1D3F46B400FA525A = {
			isa = PBXGroup;
			children = (
				32AB5A651D3F7DBE00FA525A /* SwiftDate.framework */,
				32AB5A471D3F46B400FA525A /* rruledemo */,
				32AB5A591D3F46B400FA525A /* rruledemoTests */,
				32AB5A461D3F46B400FA525A /* Products */,
			);
			sourceTree = "<group>";
		};
		32AB5A461D3F46B400FA525A /* Products */ = {
			isa = PBXGroup;
			children = (
				32AB5A451D3F46B400FA525A /* rruledemo.app */,
				32AB5A561D3F46B400FA525A /* rruledemoTests.xctest */,
			);
			name = Products;
			sourceTree = "<group>";
		};
		32AB5A471D3F46B400FA525A /* rruledemo */ = {
			isa = PBXGroup;
			children = (
				32AB5A6A1D3F7F4900FA525A /* rrule.swift */,
				32AB5A481D3F46B400FA525A /* AppDelegate.swift */,
				32AB5A4A1D3F46B400FA525A /* ViewController.swift */,
				32AB5A4C1D3F46B400FA525A /* Assets.xcassets */,
				32AB5A4E1D3F46B400FA525A /* Main.storyboard */,
				32AB5A511D3F46B400FA525A /* Info.plist */,
			);
			path = rruledemo;
			sourceTree = "<group>";
		};
		32AB5A591D3F46B400FA525A /* rruledemoTests */ = {
			isa = PBXGroup;
			children = (
				32AB5A5A1D3F46B400FA525A /* rruledemoTests.swift */,
				32AB5A5C1D3F46B400FA525A /* Info.plist */,
			);
			path = rruledemoTests;
			sourceTree = "<group>";
		};
/* End PBXGroup section */

/* Begin PBXNativeTarget section */
		32AB5A441D3F46B400FA525A /* rruledemo */ = {
			isa = PBXNativeTarget;
			buildConfigurationList = 32AB5A5F1D3F46B400FA525A /* Build configuration list for PBXNativeTarget "rruledemo" */;
			buildPhases = (
				32AB5A411D3F46B400FA525A /* Sources */,
				32AB5A421D3F46B400FA525A /* Frameworks */,
				32AB5A431D3F46B400FA525A /* Resources */,
				32AB5A691D3F7DCA00FA525A /* Embed Frameworks */,
			);
			buildRules = (
			);
			dependencies = (
			);
			name = rruledemo;
			productName = rruledemo;
			productReference = 32AB5A451D3F46B400FA525A /* rruledemo.app */;
			productType = "com.apple.product-type.application";
		};
		32AB5A551D3F46B400FA525A /* rruledemoTests */ = {
			isa = PBXNativeTarget;
			buildConfigurationList = 32AB5A621D3F46B400FA525A /* Build configuration list for PBXNativeTarget "rruledemoTests" */;
			buildPhases = (
				32AB5A521D3F46B400FA525A /* Sources */,
				32AB5A531D3F46B400FA525A /* Frameworks */,
				32AB5A541D3F46B400FA525A /* Resources */,
			);
			buildRules = (
			);
			dependencies = (
				32AB5A581D3F46B400FA525A /* PBXTargetDependency */,
			);
			name = rruledemoTests;
			productName = rruledemoTests;
			productReference = 32AB5A561D3F46B400FA525A /* rruledemoTests.xctest */;
			productType = "com.apple.product-type.bundle.unit-test";
		};
/* End PBXNativeTarget section */

/* Begin PBXProject section */
		32AB5A3D1D3F46B400FA525A /* Project object */ = {
			isa = PBXProject;
			attributes = {
				LastSwiftUpdateCheck = 0730;
				LastUpgradeCheck = 0730;
				ORGANIZATIONNAME = sdq;
				TargetAttributes = {
					32AB5A441D3F46B400FA525A = {
						CreatedOnToolsVersion = 7.3.1;
					};
					32AB5A551D3F46B400FA525A = {
						CreatedOnToolsVersion = 7.3.1;
						TestTargetID = 32AB5A441D3F46B400FA525A;
					};
				};
			};
			buildConfigurationList = 32AB5A401D3F46B400FA525A /* Build configuration list for PBXProject "rruledemo" */;
			compatibilityVersion = "Xcode 3.2";
			developmentRegion = English;
			hasScannedForEncodings = 0;
			knownRegions = (
				en,
				Base,
			);
			mainGroup = 32AB5A3C1D3F46B400FA525A;
			productRefGroup = 32AB5A461D3F46B400FA525A /* Products */;
			projectDirPath = "";
			projectRoot = "";
			targets = (
				32AB5A441D3F46B400FA525A /* rruledemo */,
				32AB5A551D3F46B400FA525A /* rruledemoTests */,
			);
		};
/* End PBXProject section */

/* Begin PBXResourcesBuildPhase section */
		32AB5A431D3F46B400FA525A /* Resources */ = {
			isa = PBXResourcesBuildPhase;
			buildActionMask = 2147483647;
			files = (
				32AB5A4D1D3F46B400FA525A /* Assets.xcassets in Resources */,
				32AB5A501D3F46B400FA525A /* Main.storyboard in Resources */,
			);
			runOnlyForDeploymentPostprocessing = 0;
		};
		32AB5A541D3F46B400FA525A /* Resources */ = {
			isa = PBXResourcesBuildPhase;
			buildActionMask = 2147483647;
			files = (
			);
			runOnlyForDeploymentPostprocessing = 0;
		};
/* End PBXResourcesBuildPhase section */

/* Begin PBXSourcesBuildPhase section */
		32AB5A411D3F46B400FA525A /* Sources */ = {
			isa = PBXSourcesBuildPhase;
			buildActionMask = 2147483647;
			files = (
				32AB5A6B1D3F7F4900FA525A /* rrule.swift in Sources */,
				32AB5A4B1D3F46B400FA525A /* ViewController.swift in Sources */,
				32AB5A491D3F46B400FA525A /* AppDelegate.swift in Sources */,
			);
			runOnlyForDeploymentPostprocessing = 0;
		};
		32AB5A521D3F46B400FA525A /* Sources */ = {
			isa = PBXSourcesBuildPhase;
			buildActionMask = 2147483647;
			files = (
				32AB5A5B1D3F46B400FA525A /* rruledemoTests.swift in Sources */,
			);
			runOnlyForDeploymentPostprocessing = 0;
		};
/* End PBXSourcesBuildPhase section */

/* Begin PBXTargetDependency section */
		32AB5A581D3F46B400FA525A /* PBXTargetDependency */ = {
			isa = PBXTargetDependency;
			target = 32AB5A441D3F46B400FA525A /* rruledemo */;
			targetProxy = 32AB5A571D3F46B400FA525A /* PBXContainerItemProxy */;
		};
/* End PBXTargetDependency section */

/* Begin PBXVariantGroup section */
		32AB5A4E1D3F46B400FA525A /* Main.storyboard */ = {
			isa = PBXVariantGroup;
			children = (
				32AB5A4F1D3F46B400FA525A /* Base */,
			);
			name = Main.storyboard;
			sourceTree = "<group>";
		};
/* End PBXVariantGroup section */

/* Begin XCBuildConfiguration section */
		32AB5A5D1D3F46B400FA525A /* Debug */ = {
			isa = XCBuildConfiguration;
			buildSettings = {
				ALWAYS_SEARCH_USER_PATHS = NO;
				CLANG_ANALYZER_NONNULL = YES;
				CLANG_CXX_LANGUAGE_STANDARD = "gnu++0x";
				CLANG_CXX_LIBRARY = "libc++";
				CLANG_ENABLE_MODULES = YES;
				CLANG_ENABLE_OBJC_ARC = YES;
				CLANG_WARN_BOOL_CONVERSION = YES;
				CLANG_WARN_CONSTANT_CONVERSION = YES;
				CLANG_WARN_DIRECT_OBJC_ISA_USAGE = YES_ERROR;
				CLANG_WARN_EMPTY_BODY = YES;
				CLANG_WARN_ENUM_CONVERSION = YES;
				CLANG_WARN_INT_CONVERSION = YES;
				CLANG_WARN_OBJC_ROOT_CLASS = YES_ERROR;
				CLANG_WARN_UNREACHABLE_CODE = YES;
				CLANG_WARN__DUPLICATE_METHOD_MATCH = YES;
				CODE_SIGN_IDENTITY = "-";
				COPY_PHASE_STRIP = NO;
				DEBUG_INFORMATION_FORMAT = dwarf;
				ENABLE_STRICT_OBJC_MSGSEND = YES;
				ENABLE_TESTABILITY = YES;
				GCC_C_LANGUAGE_STANDARD = gnu99;
				GCC_DYNAMIC_NO_PIC = NO;
				GCC_NO_COMMON_BLOCKS = YES;
				GCC_OPTIMIZATION_LEVEL = 0;
				GCC_PREPROCESSOR_DEFINITIONS = (
					"DEBUG=1",
					"$(inherited)",
				);
				GCC_WARN_64_TO_32_BIT_CONVERSION = YES;
				GCC_WARN_ABOUT_RETURN_TYPE = YES_ERROR;
				GCC_WARN_UNDECLARED_SELECTOR = YES;
				GCC_WARN_UNINITIALIZED_AUTOS = YES_AGGRESSIVE;
				GCC_WARN_UNUSED_FUNCTION = YES;
				GCC_WARN_UNUSED_VARIABLE = YES;
				MACOSX_DEPLOYMENT_TARGET = 10.11;
				MTL_ENABLE_DEBUG_INFO = YES;
				ONLY_ACTIVE_ARCH = YES;
				SDKROOT = macosx;
				SWIFT_OPTIMIZATION_LEVEL = "-Onone";
			};
			name = Debug;
		};
		32AB5A5E1D3F46B400FA525A /* Release */ = {
			isa = XCBuildConfiguration;
			buildSettings = {
				ALWAYS_SEARCH_USER_PATHS = NO;
				CLANG_ANALYZER_NONNULL = YES;
				CLANG_CXX_LANGUAGE_STANDARD = "gnu++0x";
				CLANG_CXX_LIBRARY = "libc++";
				CLANG_ENABLE_MODULES = YES;
				CLANG_ENABLE_OBJC_ARC = YES;
				CLANG_WARN_BOOL_CONVERSION = YES;
				CLANG_WARN_CONSTANT_CONVERSION = YES;
				CLANG_WARN_DIRECT_OBJC_ISA_USAGE = YES_ERROR;
				CLANG_WARN_EMPTY_BODY = YES;
				CLANG_WARN_ENUM_CONVERSION = YES;
				CLANG_WARN_INT_CONVERSION = YES;
				CLANG_WARN_OBJC_ROOT_CLASS = YES_ERROR;
				CLANG_WARN_UNREACHABLE_CODE = YES;
				CLANG_WARN__DUPLICATE_METHOD_MATCH = YES;
				CODE_SIGN_IDENTITY = "-";
				COPY_PHASE_STRIP = NO;
				DEBUG_INFORMATION_FORMAT = "dwarf-with-dsym";
				ENABLE_NS_ASSERTIONS = NO;
				ENABLE_STRICT_OBJC_MSGSEND = YES;
				GCC_C_LANGUAGE_STANDARD = gnu99;
				GCC_NO_COMMON_BLOCKS = YES;
				GCC_WARN_64_TO_32_BIT_CONVERSION = YES;
				GCC_WARN_ABOUT_RETURN_TYPE = YES_ERROR;
				GCC_WARN_UNDECLARED_SELECTOR = YES;
				GCC_WARN_UNINITIALIZED_AUTOS = YES_AGGRESSIVE;
				GCC_WARN_UNUSED_FUNCTION = YES;
				GCC_WARN_UNUSED_VARIABLE = YES;
				MACOSX_DEPLOYMENT_TARGET = 10.11;
				MTL_ENABLE_DEBUG_INFO = NO;
				SDKROOT = macosx;
			};
			name = Release;
		};
		32AB5A601D3F46B400FA525A /* Debug */ = {
			isa = XCBuildConfiguration;
			buildSettings = {
				ASSETCATALOG_COMPILER_APPICON_NAME = AppIcon;
				COMBINE_HIDPI_IMAGES = YES;
				FRAMEWORK_SEARCH_PATHS = (
					"$(inherited)",
					"$(PROJECT_DIR)/Carthage/Build/Mac",
				);
				INFOPLIST_FILE = rruledemo/Info.plist;
				LD_RUNPATH_SEARCH_PATHS = "$(inherited) @executable_path/../Frameworks";
				PRODUCT_BUNDLE_IDENTIFIER = net.shidanqing.rruledemo;
				PRODUCT_NAME = "$(TARGET_NAME)";
			};
			name = Debug;
		};
		32AB5A611D3F46B400FA525A /* Release */ = {
			isa = XCBuildConfiguration;
			buildSettings = {
				ASSETCATALOG_COMPILER_APPICON_NAME = AppIcon;
				COMBINE_HIDPI_IMAGES = YES;
				FRAMEWORK_SEARCH_PATHS = (
					"$(inherited)",
					"$(PROJECT_DIR)/Carthage/Build/Mac",
				);
				INFOPLIST_FILE = rruledemo/Info.plist;
				LD_RUNPATH_SEARCH_PATHS = "$(inherited) @executable_path/../Frameworks";
				PRODUCT_BUNDLE_IDENTIFIER = net.shidanqing.rruledemo;
				PRODUCT_NAME = "$(TARGET_NAME)";
			};
			name = Release;
		};
		32AB5A631D3F46B400FA525A /* Debug */ = {
			isa = XCBuildConfiguration;
			buildSettings = {
				BUNDLE_LOADER = "$(TEST_HOST)";
				COMBINE_HIDPI_IMAGES = YES;
				INFOPLIST_FILE = rruledemoTests/Info.plist;
				LD_RUNPATH_SEARCH_PATHS = "$(inherited) @executable_path/../Frameworks @loader_path/../Frameworks";
				PRODUCT_BUNDLE_IDENTIFIER = net.shidanqing.rruledemoTests;
				PRODUCT_NAME = "$(TARGET_NAME)";
				TEST_HOST = "$(BUILT_PRODUCTS_DIR)/rruledemo.app/Contents/MacOS/rruledemo";
			};
			name = Debug;
		};
		32AB5A641D3F46B400FA525A /* Release */ = {
			isa = XCBuildConfiguration;
			buildSettings = {
				BUNDLE_LOADER = "$(TEST_HOST)";
				COMBINE_HIDPI_IMAGES = YES;
				INFOPLIST_FILE = rruledemoTests/Info.plist;
				LD_RUNPATH_SEARCH_PATHS = "$(inherited) @executable_path/../Frameworks @loader_path/../Frameworks";
				PRODUCT_BUNDLE_IDENTIFIER = net.shidanqing.rruledemoTests;
				PRODUCT_NAME = "$(TARGET_NAME)";
				TEST_HOST = "$(BUILT_PRODUCTS_DIR)/rruledemo.app/Contents/MacOS/rruledemo";
			};
			name = Release;
		};
/* End XCBuildConfiguration section */

/* Begin XCConfigurationList section */
		32AB5A401D3F46B400FA525A /* Build configuration list for PBXProject "rruledemo" */ = {
			isa = XCConfigurationList;
			buildConfigurations = (
				32AB5A5D1D3F46B400FA525A /* Debug */,
				32AB5A5E1D3F46B400FA525A /* Release */,
			);
			defaultConfigurationIsVisible = 0;
			defaultConfigurationName = Release;
		};
		32AB5A5F1D3F46B400FA525A /* Build configuration list for PBXNativeTarget "rruledemo" */ = {
			isa = XCConfigurationList;
			buildConfigurations = (
				32AB5A601D3F46B400FA525A /* Debug */,
				32AB5A611D3F46B400FA525A /* Release */,
			);
			defaultConfigurationIsVisible = 0;
			defaultConfigurationName = Release;
		};
		32AB5A621D3F46B400FA525A /* Build configuration list for PBXNativeTarget "rruledemoTests" */ = {
			isa = XCConfigurationList;
			buildConfigurations = (
				32AB5A631D3F46B400FA525A /* Debug */,
				32AB5A641D3F46B400FA525A /* Release */,
			);
			defaultConfigurationIsVisible = 0;
			defaultConfigurationName = Release;
		};
/* End XCConfigurationList section */
	};
	rootObject = 32AB5A3D1D3F46B400FA525A /* Project object */;
}
